
Microsoft Visual Studio Solution File, Format Version 12.00
# Visual Studio Version 17
VisualStudioVersion = 17.0.31903.59
MinimumVisualStudioVersion = 10.0.40219.1
Project("{2150E333-8FDC-42A3-9474-1A3956D46DE8}") = "Common", "Common", "{BD4444BB-A4A5-4F75-B22E-15203AD7DA94}"
EndProject
Project("{FAE04EC0-301F-11D3-BF4B-00C04F79EFBC}") = "Common", "Common\Common\Common.csproj", "{F24B4AD7-9472-46B2-81A9-038B54D402D3}"
EndProject
Project("{FAE04EC0-301F-11D3-BF4B-00C04F79EFBC}") = "Logging", "Common\Logging\Logging.csproj", "{4803CE41-7B00-496E-88E3-E34D5DCBCB08}"
EndProject
Project("{2150E333-8FDC-42A3-9474-1A3956D46DE8}") = "Miroservices", "Miroservices", "{A4097CFD-2E3E-4EDF-A2D1-1CB1FF3650C5}"
EndProject
Project("{FAE04EC0-301F-11D3-BF4B-00C04F79EFBC}") = "OcelotAPIGateway", "Miroservices\OcelotAPIGateway\OcelotAPIGateway.csproj", "{745610E2-A9B1-4871-9754-DD9289A7710F}"
EndProject
Project("{2150E333-8FDC-42A3-9474-1A3956D46DE8}") = "Pubsite.Services", "Pubsite.Services", "{C36A1F79-20CE-4F97-9DFA-FBDEC92AC5A3}"
EndProject
Project("{FAE04EC0-301F-11D3-BF4B-00C04F79EFBC}") = "Companies.API", "Pubsite.Services\Companies.API\Companies.API.csproj", "{4F3594AA-3C54-44C9-A446-37F253B71279}"
EndProject
Project("{FAE04EC0-301F-11D3-BF4B-00C04F79EFBC}") = "Events.API", "Pubsite.Services\Events.API\Events.API.csproj", "{3F930346-0B09-419D-9EDD-C5B049790D65}"
EndProject
Project("{FAE04EC0-301F-11D3-BF4B-00C04F79EFBC}") = "News.API", "Pubsite.Services\News.API\News.API.csproj", "{6DEEA759-AF86-4AE7-B83C-3BCF2912D7BD}"
EndProject
Project("{FAE04EC0-301F-11D3-BF4B-00C04F79EFBC}") = "Resources.API", "Pubsite.Services\Resources.API\Resources.API.csproj", "{FC7D676D-E43A-4ADF-8D5B-FDE6FC25949D}"
EndProject
Project("{2150E333-8FDC-42A3-9474-1A3956D46DE8}") = "UnitTests", "UnitTests", "{B5A11DD5-8C9C-4F0A-9814-8134B86AADD7}"
EndProject
Project("{FAE04EC0-301F-11D3-BF4B-00C04F79EFBC}") = "Common.UnitTests", "UnitTests\Common.UnitTests\Common.UnitTests.csproj", "{F0D7FDFA-3F5F-4464-94A5-297F90924652}"
EndProject
Project("{FAE04EC0-301F-11D3-BF4B-00C04F79EFBC}") = "Pubsite.Services.UnitTests", "UnitTests\Pubsite.Services.UnitTests\Pubsite.Services.UnitTests.csproj", "{E844B4DA-4F26-4C57-8E5A-78BB68C6558F}"
EndProject
Project("{FAE04EC0-301F-11D3-BF4B-00C04F79EFBC}") = "UserManager.UnitTests", "UnitTests\UserManager.UnitTests\UserManager.UnitTests.csproj", "{59AD7F84-5EAF-4C3D-80AB-7FE858858EEC}"
EndProject
Project("{2150E333-8FDC-42A3-9474-1A3956D46DE8}") = "UserManager", "UserManager", "{0D488B55-1DE1-4DD7-B170-68A39FF6AFD0}"
EndProject
Project("{2150E333-8FDC-42A3-9474-1A3956D46DE8}") = "AuthManager", "AuthManager", "{324FBDA3-7F8D-403A-90D3-127926B69557}"
EndProject
Project("{FAE04EC0-301F-11D3-BF4B-00C04F79EFBC}") = "JWTAuthManager", "UserManager\AuthManager\JWTAuthManager\JWTAuthManager.csproj", "{3D205FB3-FCAB-40EC-BF4E-5E3FFBF74FDA}"
EndProject
Project("{FAE04EC0-301F-11D3-BF4B-00C04F79EFBC}") = "LinkedInSSOAuthManager", "UserManager\AuthManager\LinkedInSSOAuthManager\LinkedInSSOAuthManager.csproj", "{A021D77E-993B-4472-AFBB-2E6FDE81AD77}"
EndProject
Project("{FAE04EC0-301F-11D3-BF4B-00C04F79EFBC}") = "UserManager.API", "UserManager\UserManager.API\UserManager.API.csproj", "{07FE03CF-82A6-4611-BD49-CEB8C2A658D4}"
EndProject
Global
	GlobalSection(SolutionConfigurationPlatforms) = preSolution
		Debug|Any CPU = Debug|Any CPU
		Release|Any CPU = Release|Any CPU
	EndGlobalSection
	GlobalSection(SolutionProperties) = preSolution
		HideSolutionNode = FALSE
	EndGlobalSection
	GlobalSection(ProjectConfigurationPlatforms) = postSolution
		{F24B4AD7-9472-46B2-81A9-038B54D402D3}.Debug|Any CPU.ActiveCfg = Debug|Any CPU
		{F24B4AD7-9472-46B2-81A9-038B54D402D3}.Debug|Any CPU.Build.0 = Debug|Any CPU
		{F24B4AD7-9472-46B2-81A9-038B54D402D3}.Release|Any CPU.ActiveCfg = Release|Any CPU
		{F24B4AD7-9472-46B2-81A9-038B54D402D3}.Release|Any CPU.Build.0 = Release|Any CPU
		{4803CE41-7B00-496E-88E3-E34D5DCBCB08}.Debug|Any CPU.ActiveCfg = Debug|Any CPU
		{4803CE41-7B00-496E-88E3-E34D5DCBCB08}.Debug|Any CPU.Build.0 = Debug|Any CPU
		{4803CE41-7B00-496E-88E3-E34D5DCBCB08}.Release|Any CPU.ActiveCfg = Release|Any CPU
		{4803CE41-7B00-496E-88E3-E34D5DCBCB08}.Release|Any CPU.Build.0 = Release|Any CPU
		{745610E2-A9B1-4871-9754-DD9289A7710F}.Debug|Any CPU.ActiveCfg = Debug|Any CPU
		{745610E2-A9B1-4871-9754-DD9289A7710F}.Debug|Any CPU.Build.0 = Debug|Any CPU
		{745610E2-A9B1-4871-9754-DD9289A7710F}.Release|Any CPU.ActiveCfg = Release|Any CPU
		{745610E2-A9B1-4871-9754-DD9289A7710F}.Release|Any CPU.Build.0 = Release|Any CPU
		{4F3594AA-3C54-44C9-A446-37F253B71279}.Debug|Any CPU.ActiveCfg = Debug|Any CPU
		{4F3594AA-3C54-44C9-A446-37F253B71279}.Debug|Any CPU.Build.0 = Debug|Any CPU
		{4F3594AA-3C54-44C9-A446-37F253B71279}.Release|Any CPU.ActiveCfg = Release|Any CPU
		{4F3594AA-3C54-44C9-A446-37F253B71279}.Release|Any CPU.Build.0 = Release|Any CPU
		{3F930346-0B09-419D-9EDD-C5B049790D65}.Debug|Any CPU.ActiveCfg = Debug|Any CPU
		{3F930346-0B09-419D-9EDD-C5B049790D65}.Debug|Any CPU.Build.0 = Debug|Any CPU
		{3F930346-0B09-419D-9EDD-C5B049790D65}.Release|Any CPU.ActiveCfg = Release|Any CPU
		{3F930346-0B09-419D-9EDD-C5B049790D65}.Release|Any CPU.Build.0 = Release|Any CPU
		{6DEEA759-AF86-4AE7-B83C-3BCF2912D7BD}.Debug|Any CPU.ActiveCfg = Debug|Any CPU
		{6DEEA759-AF86-4AE7-B83C-3BCF2912D7BD}.Debug|Any CPU.Build.0 = Debug|Any CPU
		{6DEEA759-AF86-4AE7-B83C-3BCF2912D7BD}.Release|Any CPU.ActiveCfg = Release|Any CPU
		{6DEEA759-AF86-4AE7-B83C-3BCF2912D7BD}.Release|Any CPU.Build.0 = Release|Any CPU
		{FC7D676D-E43A-4ADF-8D5B-FDE6FC25949D}.Debug|Any CPU.ActiveCfg = Debug|Any CPU
		{FC7D676D-E43A-4ADF-8D5B-FDE6FC25949D}.Debug|Any CPU.Build.0 = Debug|Any CPU
		{FC7D676D-E43A-4ADF-8D5B-FDE6FC25949D}.Release|Any CPU.ActiveCfg = Release|Any CPU
		{FC7D676D-E43A-4ADF-8D5B-FDE6FC25949D}.Release|Any CPU.Build.0 = Release|Any CPU
		{F0D7FDFA-3F5F-4464-94A5-297F90924652}.Debug|Any CPU.ActiveCfg = Debug|Any CPU
		{F0D7FDFA-3F5F-4464-94A5-297F90924652}.Debug|Any CPU.Build.0 = Debug|Any CPU
		{F0D7FDFA-3F5F-4464-94A5-297F90924652}.Release|Any CPU.ActiveCfg = Release|Any CPU
		{F0D7FDFA-3F5F-4464-94A5-297F90924652}.Release|Any CPU.Build.0 = Release|Any CPU
		{E844B4DA-4F26-4C57-8E5A-78BB68C6558F}.Debug|Any CPU.ActiveCfg = Debug|Any CPU
		{E844B4DA-4F26-4C57-8E5A-78BB68C6558F}.Debug|Any CPU.Build.0 = Debug|Any CPU
		{E844B4DA-4F26-4C57-8E5A-78BB68C6558F}.Release|Any CPU.ActiveCfg = Release|Any CPU
		{E844B4DA-4F26-4C57-8E5A-78BB68C6558F}.Release|Any CPU.Build.0 = Release|Any CPU
		{59AD7F84-5EAF-4C3D-80AB-7FE858858EEC}.Debug|Any CPU.ActiveCfg = Debug|Any CPU
		{59AD7F84-5EAF-4C3D-80AB-7FE858858EEC}.Debug|Any CPU.Build.0 = Debug|Any CPU
		{59AD7F84-5EAF-4C3D-80AB-7FE858858EEC}.Release|Any CPU.ActiveCfg = Release|Any CPU
		{59AD7F84-5EAF-4C3D-80AB-7FE858858EEC}.Release|Any CPU.Build.0 = Release|Any CPU
		{3D205FB3-FCAB-40EC-BF4E-5E3FFBF74FDA}.Debug|Any CPU.ActiveCfg = Debug|Any CPU
		{3D205FB3-FCAB-40EC-BF4E-5E3FFBF74FDA}.Debug|Any CPU.Build.0 = Debug|Any CPU
		{3D205FB3-FCAB-40EC-BF4E-5E3FFBF74FDA}.Release|Any CPU.ActiveCfg = Release|Any CPU
		{3D205FB3-FCAB-40EC-BF4E-5E3FFBF74FDA}.Release|Any CPU.Build.0 = Release|Any CPU
		{A021D77E-993B-4472-AFBB-2E6FDE81AD77}.Debug|Any CPU.ActiveCfg = Debug|Any CPU
		{A021D77E-993B-4472-AFBB-2E6FDE81AD77}.Debug|Any CPU.Build.0 = Debug|Any CPU
		{A021D77E-993B-4472-AFBB-2E6FDE81AD77}.Release|Any CPU.ActiveCfg = Release|Any CPU
		{A021D77E-993B-4472-AFBB-2E6FDE81AD77}.Release|Any CPU.Build.0 = Release|Any CPU
		{07FE03CF-82A6-4611-BD49-CEB8C2A658D4}.Debug|Any CPU.ActiveCfg = Debug|Any CPU
		{07FE03CF-82A6-4611-BD49-CEB8C2A658D4}.Debug|Any CPU.Build.0 = Debug|Any CPU
		{07FE03CF-82A6-4611-BD49-CEB8C2A658D4}.Release|Any CPU.ActiveCfg = Release|Any CPU
		{07FE03CF-82A6-4611-BD49-CEB8C2A658D4}.Release|Any CPU.Build.0 = Release|Any CPU
	EndGlobalSection
	GlobalSection(NestedProjects) = preSolution
		{F24B4AD7-9472-46B2-81A9-038B54D402D3} = {BD4444BB-A4A5-4F75-B22E-15203AD7DA94}
		{4803CE41-7B00-496E-88E3-E34D5DCBCB08} = {BD4444BB-A4A5-4F75-B22E-15203AD7DA94}
		{745610E2-A9B1-4871-9754-DD9289A7710F} = {A4097CFD-2E3E-4EDF-A2D1-1CB1FF3650C5}
		{4F3594AA-3C54-44C9-A446-37F253B71279} = {C36A1F79-20CE-4F97-9DFA-FBDEC92AC5A3}
		{3F930346-0B09-419D-9EDD-C5B049790D65} = {C36A1F79-20CE-4F97-9DFA-FBDEC92AC5A3}
		{6DEEA759-AF86-4AE7-B83C-3BCF2912D7BD} = {C36A1F79-20CE-4F97-9DFA-FBDEC92AC5A3}
		{FC7D676D-E43A-4ADF-8D5B-FDE6FC25949D} = {C36A1F79-20CE-4F97-9DFA-FBDEC92AC5A3}
		{F0D7FDFA-3F5F-4464-94A5-297F90924652} = {B5A11DD5-8C9C-4F0A-9814-8134B86AADD7}
		{E844B4DA-4F26-4C57-8E5A-78BB68C6558F} = {B5A11DD5-8C9C-4F0A-9814-8134B86AADD7}
		{59AD7F84-5EAF-4C3D-80AB-7FE858858EEC} = {B5A11DD5-8C9C-4F0A-9814-8134B86AADD7}
		{324FBDA3-7F8D-403A-90D3-127926B69557} = {0D488B55-1DE1-4DD7-B170-68A39FF6AFD0}
		{3D205FB3-FCAB-40EC-BF4E-5E3FFBF74FDA} = {324FBDA3-7F8D-403A-90D3-127926B69557}
		{A021D77E-993B-4472-AFBB-2E6FDE81AD77} = {324FBDA3-7F8D-403A-90D3-127926B69557}
		{07FE03CF-82A6-4611-BD49-CEB8C2A658D4} = {0D488B55-1DE1-4DD7-B170-68A39FF6AFD0}
	EndGlobalSection
EndGlobal
